
Microsoft Visual Studio Solution File, Format Version 12.00
# Visual Studio Version 17
VisualStudioVersion = 17.0.31903.59
MinimumVisualStudioVersion = 10.0.40219.1
Project("{FAE04EC0-301F-11D3-BF4B-00C04F79EFBC}") = "razorware.gfxcore", "RazorWare.GfxCore\razorware.gfxcore.csproj", "{CF1F7C86-EB78-4A9F-AB2D-EC1A4875D191}"
EndProject
Project("{2150E333-8FDC-42A3-9474-1A3956D46DE8}") = ".dev", ".dev", "{5AFEF1F8-8D4F-D9FF-043C-C96A1483E5B8}"
EndProject
Project("{FAE04EC0-301F-11D3-BF4B-00C04F79EFBC}") = "gfxcore.application", "GfxCore.Application\gfxcore.application.csproj", "{D6BAD784-6620-4381-B57E-7FDE053EC11A}"
EndProject
Project("{2150E333-8FDC-42A3-9474-1A3956D46DE8}") = ".test", ".test", "{D1880E22-0A08-58BE-DC49-6C04D09DB70B}"
EndProject
Global
	GlobalSection(SolutionConfigurationPlatforms) = preSolution
		Debug|Any CPU = Debug|Any CPU
		Release|Any CPU = Release|Any CPU
	EndGlobalSection
	GlobalSection(ProjectConfigurationPlatforms) = postSolution
		{CF1F7C86-EB78-4A9F-AB2D-EC1A4875D191}.Debug|Any CPU.ActiveCfg = Debug|Any CPU
		{CF1F7C86-EB78-4A9F-AB2D-EC1A4875D191}.Debug|Any CPU.Build.0 = Debug|Any CPU
		{CF1F7C86-EB78-4A9F-AB2D-EC1A4875D191}.Release|Any CPU.ActiveCfg = Release|Any CPU
		{CF1F7C86-EB78-4A9F-AB2D-EC1A4875D191}.Release|Any CPU.Build.0 = Release|Any CPU
		{D6BAD784-6620-4381-B57E-7FDE053EC11A}.Debug|Any CPU.ActiveCfg = Debug|Any CPU
		{D6BAD784-6620-4381-B57E-7FDE053EC11A}.Debug|Any CPU.Build.0 = Debug|Any CPU
		{D6BAD784-6620-4381-B57E-7FDE053EC11A}.Release|Any CPU.ActiveCfg = Release|Any CPU
		{D6BAD784-6620-4381-B57E-7FDE053EC11A}.Release|Any CPU.Build.0 = Release|Any CPU
	EndGlobalSection
	GlobalSection(SolutionProperties) = preSolution
		HideSolutionNode = FALSE
	EndGlobalSection
	GlobalSection(NestedProjects) = preSolution
		{D6BAD784-6620-4381-B57E-7FDE053EC11A} = {5AFEF1F8-8D4F-D9FF-043C-C96A1483E5B8}
	EndGlobalSection
EndGlobal
